PODS:
  - connectivity_plus (0.0.1):
    - Flutter
  - Flutter (1.0.0)
  - flutter_inappwebview_ios (0.0.1):
    - Flutter
    - flutter_inappwebview_ios/Core (= 0.0.1)
    - OrderedSet (~> 6.0.3)
  - flutter_inappwebview_ios/Core (0.0.1):
    - Flutter
    - OrderedSet (~> 6.0.3)
  - image_picker_ios (0.0.1):
    - Flutter
  - OrderedSet (6.0.3)
  - path_provider_foundation (0.0.1):
    - Flutter
    - FlutterMacOS
  - payu_checkoutpro_flutter (1.2.0):
    - Flutter
    - PayUIndia-CheckoutPro (~> 8.11)
  - PayUIndia-Analytics (4.0.2):
    - PayUIndia-NetworkReachability (~> 2.1)
  - PayUIndia-AssetLibrary (4.0.1)
  - PayUIndia-CardScanner (2.1.0)
  - PayUIndia-CheckoutPro (8.11.3):
    - PayUIndia-AssetLibrary (~> 4.0)
    - PayUIndia-CardScanner (~> 2.1)
    - PayUIndia-CheckoutProBase (~> 8.11)
    - PayUIndia-CommonUI (~> 2.3)
    - PayUIndia-CrashReporter (~> 4.0)
    - PayUIndia-Custom-Browser (~> 11.3)
    - PayUIndia-NativeOtpAssist (~> 4.2)
    - PayUIndia-NetworkReachability (~> 2.0)
    - PayUIndia-PayUParams (~> 6.8)
    - PayUIndia-PG-SDK (~> 11.9)
    - PayUIndia-UPICore (~> 10.6)
  - PayUIndia-CheckoutProBase (8.11.2):
    - PayUIndia-PayUParams (~> 6.8)
    - PayUIndia-PG-SDK (~> 11.9)
  - PayUIndia-CommonUI (2.3.1):
    - PayUIndia-Analytics (~> 4.0)
    - PayUIndia-CrashReporter (~> 4.0)
  - PayUIndia-CrashReporter (4.0.2)
  - PayUIndia-Custom-Browser (11.3.0):
    - PayUIndia-CommonUI (~> 2.3)
  - PayUIndia-Logger (5.0.1)
  - PayUIndia-NativeOtpAssist (4.2.0):
    - PayUIndia-Analytics (~> 4.0)
    - PayUIndia-CommonUI (~> 2.2)
    - PayUIndia-CrashReporter (~> 4.0)
    - PayUIndia-NetworkReachability (~> 2.1)
    - PayUIndia-PayUParams (~> 6.6)
  - PayUIndia-Networking (5.0.1):
    - PayUIndia-Logger (~> 5.0)
  - PayUIndia-NetworkReachability (2.1.1)
  - PayUIndia-PayUParams (6.8.1)
  - PayUIndia-PG-SDK (11.9.1):
    - PayUIndia-CrashReporter (~> 4.0)
    - PayUIndia-NetworkReachability (~> 2.1)
    - PayUIndia-PayUParams (~> 6.8)
  - PayUIndia-UPICore (10.6.0):
    - PayUIndia-CommonUI (~> 2.2)
    - PayUIndia-Networking (~> 5.0)
    - PayUIndia-PayUParams (~> 6.8)
  - share_plus (0.0.1):
    - Flutter
  - shared_preferences_foundation (0.0.1):
    - Flutter
    - FlutterMacOS
  - sqflite_darwin (0.0.4):
    - Flutter
    - FlutterMacOS
  - Stripe (23.28.3):
    - StripeApplePay (= 23.28.3)
    - StripeCore (= 23.28.3)
    - StripePayments (= 23.28.3)
    - StripePaymentsUI (= 23.28.3)
    - StripeUICore (= 23.28.3)
  - stripe_ios (0.0.1):
    - Flutter
    - Stripe (~> 23.28.0)
    - StripeApplePay (~> 23.28.0)
    - StripeFinancialConnections (~> 23.28.0)
    - StripePayments (~> 23.28.0)
    - StripePaymentSheet (~> 23.28.0)
    - StripePaymentsUI (~> 23.28.0)
  - StripeApplePay (23.28.3):
    - StripeCore (= 23.28.3)
  - StripeCore (23.28.3)
  - StripeFinancialConnections (23.28.3):
    - StripeCore (= 23.28.3)
    - StripeUICore (= 23.28.3)
  - StripePayments (23.28.3):
    - StripeCore (= 23.28.3)
    - StripePayments/Stripe3DS2 (= 23.28.3)
  - StripePayments/Stripe3DS2 (23.28.3):
    - StripeCore (= 23.28.3)
  - StripePaymentSheet (23.28.3):
    - StripeApplePay (= 23.28.3)
    - StripeCore (= 23.28.3)
    - StripePayments (= 23.28.3)
    - StripePaymentsUI (= 23.28.3)
  - StripePaymentsUI (23.28.3):
    - StripeCore (= 23.28.3)
    - StripePayments (= 23.28.3)
    - StripeUICore (= 23.28.3)
  - StripeUICore (23.28.3):
    - StripeCore (= 23.28.3)
  - url_launcher_ios (0.0.1):
    - Flutter

DEPENDENCIES:
  - connectivity_plus (from `.symlinks/plugins/connectivity_plus/ios`)
  - Flutter (from `Flutter`)
  - flutter_inappwebview_ios (from `.symlinks/plugins/flutter_inappwebview_ios/ios`)
  - image_picker_ios (from `.symlinks/plugins/image_picker_ios/ios`)
  - path_provider_foundation (from `.symlinks/plugins/path_provider_foundation/darwin`)
  - payu_checkoutpro_flutter (from `.symlinks/plugins/payu_checkoutpro_flutter/ios`)
  - share_plus (from `.symlinks/plugins/share_plus/ios`)
  - shared_preferences_foundation (from `.symlinks/plugins/shared_preferences_foundation/darwin`)
  - sqflite_darwin (from `.symlinks/plugins/sqflite_darwin/darwin`)
  - stripe_ios (from `.symlinks/plugins/stripe_ios/ios`)
  - url_launcher_ios (from `.symlinks/plugins/url_launcher_ios/ios`)

SPEC REPOS:
  trunk:
    - OrderedSet
    - PayUIndia-Analytics
    - PayUIndia-AssetLibrary
    - PayUIndia-CardScanner
    - PayUIndia-CheckoutPro
    - PayUIndia-CheckoutProBase
    - PayUIndia-CommonUI
    - PayUIndia-CrashReporter
    - PayUIndia-Custom-Browser
    - PayUIndia-Logger
    - PayUIndia-NativeOtpAssist
    - PayUIndia-Networking
    - PayUIndia-NetworkReachability
    - PayUIndia-PayUParams
    - PayUIndia-PG-SDK
    - PayUIndia-UPICore
    - Stripe
    - StripeApplePay
    - StripeCore
    - StripeFinancialConnections
    - StripePayments
    - StripePaymentSheet
    - StripePaymentsUI
    - StripeUICore

EXTERNAL SOURCES:
  connectivity_plus:
    :path: ".symlinks/plugins/connectivity_plus/ios"
  Flutter:
    :path: Flutter
  flutter_inappwebview_ios:
    :path: ".symlinks/plugins/flutter_inappwebview_ios/ios"
  image_picker_ios:
    :path: ".symlinks/plugins/image_picker_ios/ios"
  path_provider_foundation:
    :path: ".symlinks/plugins/path_provider_foundation/darwin"
  payu_checkoutpro_flutter:
    :path: ".symlinks/plugins/payu_checkoutpro_flutter/ios"
  share_plus:
    :path: ".symlinks/plugins/share_plus/ios"
  shared_preferences_foundation:
    :path: ".symlinks/plugins/shared_preferences_foundation/darwin"
  sqflite_darwin:
    :path: ".symlinks/plugins/sqflite_darwin/darwin"
  stripe_ios:
    :path: ".symlinks/plugins/stripe_ios/ios"
  url_launcher_ios:
    :path: ".symlinks/plugins/url_launcher_ios/ios"

SPEC CHECKSUMS:
  connectivity_plus: 2a701ffec2c0ae28a48cf7540e279787e77c447d
  Flutter: cabc95a1d2626b1b06e7179b784ebcf0c0cde467
  flutter_inappwebview_ios: 6f63631e2c62a7c350263b13fa5427aedefe81d4
  image_picker_ios: 4f2f91b01abdb52842a8e277617df877e40f905b
  OrderedSet: e539b66b644ff081c73a262d24ad552a69be3a94
  path_provider_foundation: 0b743cbb62d8e47eab856f09262bb8c1ddcfe6ba
  payu_checkoutpro_flutter: d8a1dc48cb117eccbbb2f9e1cf66424d0daefb46
  PayUIndia-Analytics: 90a4c1a9d3f7a79422a4f4b0c3d9f5a8362b89fb
  PayUIndia-AssetLibrary: e40d7697c37aea55f184e29564e2f8b63a63b472
  PayUIndia-CardScanner: d6d024645e7fab58326e0d00b22ed42ca0ad5dc1
  PayUIndia-CheckoutPro: 17f4fa17707513aeed4fff91288092733a5cc146
  PayUIndia-CheckoutProBase: 8babca07b4408f0dad9142d66843db3cc4e5d11f
  PayUIndia-CommonUI: 502b10114323582e4e589785b2e4e2334c823fd8
  PayUIndia-CrashReporter: 913f79270aef2281e1b01af6b41d8465d8fb1b18
  PayUIndia-Custom-Browser: cea86601cfea2f1878e2896d37c8ab31215adb45
  PayUIndia-Logger: 50866e18a275b0726ed59afaea67b6529ab42774
  PayUIndia-NativeOtpAssist: 4afca30e0c2ecfc132c8e42077c5c4ac22cd5600
  PayUIndia-Networking: 0709588fd96b6b42c1398d07471cf87ef2c0db71
  PayUIndia-NetworkReachability: 581c04b9ea3a8aaa78faef179ad819759942f381
  PayUIndia-PayUParams: b74ebe4f1def26de4998e1ae86deb192cb7cb6fe
  PayUIndia-PG-SDK: 958e1fa7eee3ef2e9a33ad34fd4fbb8a79f35c27
  PayUIndia-UPICore: 2b9e0db5403f7cb96bb7467a1fb551e54efe1c3e
  share_plus: 8b6f8b3447e494cca5317c8c3073de39b3600d1f
  shared_preferences_foundation: 5086985c1d43c5ba4d5e69a4e8083a389e2909e6
  sqflite_darwin: 5a7236e3b501866c1c9befc6771dfd73ffb8702d
  Stripe: cdf416cf2efe286f532a6306de0fcaa0ecc8c71a
  stripe_ios: 91946e5c07e0a0dc0e1484ee6659e1f90a302cf3
  StripeApplePay: efb62ffc08e6cd4f161d77ddb45de2451075c54e
  StripeCore: 9731f05e327c3dcaf7d7abd116840ceaa9482bbe
  StripeFinancialConnections: 46c0049aaab3a179193502bce4a8096eb7b73f55
  StripePayments: dd1867a620b0b8b5e294e9ff2f1f7b7770765f47
  StripePaymentSheet: d155dfde74e90784d054deffb4f561a1f6dd638f
  StripePaymentsUI: c24f990b03a68a7f6fe704b15dd487e7bb6b603e
  StripeUICore: f2d514e900c37436dc5427fdf2c29d68ab1c2935
  url_launcher_ios: bb13df5870e8c4234ca12609d04010a21be43dfa

PODFILE CHECKSUM: 3c63482e143d1b91d2d2560aee9fb04ecc74ac7e

COCOAPODS: 1.16.2
